
Microsoft Visual Studio Solution File, Format Version 12.00
# Visual Studio Version 16
VisualStudioVersion = 16.0.31729.503
MinimumVisualStudioVersion = 10.0.40219.1
Project("{FAE04EC0-301F-11D3-BF4B-00C04F79EFBC}") = "Encryption and Decryption", "Encryption and Decryption\Encryption and Decryption.csproj", "{BF0B063B-BEA2-4566-BD12-02E5A87B6315}"
EndProject
Global
	GlobalSection(SolutionConfigurationPlatforms) = preSolution
		Debug|Any CPU = Debug|Any CPU
		Release|Any CPU = Release|Any CPU
	EndGlobalSection
	GlobalSection(ProjectConfigurationPlatforms) = postSolution
		{BF0B063B-BEA2-4566-BD12-02E5A87B6315}.Debug|Any CPU.ActiveCfg = Debug|Any CPU
		{BF0B063B-BEA2-4566-BD12-02E5A87B6315}.Debug|Any CPU.Build.0 = Debug|Any CPU
		{BF0B063B-BEA2-4566-BD12-02E5A87B6315}.Release|Any CPU.ActiveCfg = Release|Any CPU
		{BF0B063B-BEA2-4566-BD12-02E5A87B6315}.Release|Any CPU.Build.0 = Release|Any CPU
	EndGlobalSection
	GlobalSection(SolutionProperties) = preSolution
		HideSolutionNode = FALSE
	EndGlobalSection
	GlobalSection(ExtensibilityGlobals) = postSolution
		SolutionGuid = {04D8256E-3AB0-4167-95A0-1DCD2DD5DB46}
	EndGlobalSection
EndGlobal
